
Microsoft Visual Studio Solution File, Format Version 12.00
# Visual Studio Version 17
VisualStudioVersion = 17.1.32328.378
MinimumVisualStudioVersion = 10.0.40219.1
Project("{FAE04EC0-301F-11D3-BF4B-00C04F79EFBC}") = "WpfApp1", "WpfApp1\WpfApp1.csproj", "{60A8A766-81B0-4D73-8EF8-91F434C4E975}"
EndProject
Global
	GlobalSection(SolutionConfigurationPlatforms) = preSolution
		Debug|Any CPU = Debug|Any CPU
		Release|Any CPU = Release|Any CPU
	EndGlobalSection
	GlobalSection(ProjectConfigurationPlatforms) = postSolution
		{60A8A766-81B0-4D73-8EF8-91F434C4E975}.Debug|Any CPU.ActiveCfg = Debug|Any CPU
		{60A8A766-81B0-4D73-8EF8-91F434C4E975}.Debug|Any CPU.Build.0 = Debug|Any CPU
		{60A8A766-81B0-4D73-8EF8-91F434C4E975}.Release|Any CPU.ActiveCfg = Release|Any CPU
		{60A8A766-81B0-4D73-8EF8-91F434C4E975}.Release|Any CPU.Build.0 = Release|Any CPU
	EndGlobalSection
	GlobalSection(SolutionProperties) = preSolution
		HideSolutionNode = FALSE
	EndGlobalSection
	GlobalSection(ExtensibilityGlobals) = postSolution
		SolutionGuid = {C7BD1282-BD47-4638-8F1A-001D1FB86BD6}
	EndGlobalSection
EndGlobal
