
Microsoft Visual Studio Solution File, Format Version 12.00
# Visual Studio Version 17
VisualStudioVersion = 17.1.32328.378
MinimumVisualStudioVersion = 10.0.40219.1
Project("{FAE04EC0-301F-11D3-BF4B-00C04F79EFBC}") = "ParkingCarProgram", "ParkingCarProgram\ParkingCarProgram.csproj", "{100DF805-CA25-4DD3-A4FF-AF6102C7CAF1}"
EndProject
Global
	GlobalSection(SolutionConfigurationPlatforms) = preSolution
		Debug|Any CPU = Debug|Any CPU
		Release|Any CPU = Release|Any CPU
	EndGlobalSection
	GlobalSection(ProjectConfigurationPlatforms) = postSolution
		{100DF805-CA25-4DD3-A4FF-AF6102C7CAF1}.Debug|Any CPU.ActiveCfg = Debug|Any CPU
		{100DF805-CA25-4DD3-A4FF-AF6102C7CAF1}.Debug|Any CPU.Build.0 = Debug|Any CPU
		{100DF805-CA25-4DD3-A4FF-AF6102C7CAF1}.Release|Any CPU.ActiveCfg = Release|Any CPU
		{100DF805-CA25-4DD3-A4FF-AF6102C7CAF1}.Release|Any CPU.Build.0 = Release|Any CPU
	EndGlobalSection
	GlobalSection(SolutionProperties) = preSolution
		HideSolutionNode = FALSE
	EndGlobalSection
	GlobalSection(ExtensibilityGlobals) = postSolution
		SolutionGuid = {5E1DC580-5F1B-40BD-B99A-2DD8514B5860}
	EndGlobalSection
EndGlobal
