
Microsoft Visual Studio Solution File, Format Version 12.00
# Visual Studio Version 17
VisualStudioVersion = 17.1.32328.378
MinimumVisualStudioVersion = 10.0.40219.1
Project("{FAE04EC0-301F-11D3-BF4B-00C04F79EFBC}") = "HelloCSharp", "HelloCSharp\HelloCSharp.csproj", "{23459021-5EE8-48F5-9486-4E61AF9DCF37}"
EndProject
Project("{FAE04EC0-301F-11D3-BF4B-00C04F79EFBC}") = "HelloCSharp02", "HelloCSharp02\HelloCSharp02.csproj", "{9900E064-BD63-4A77-BE81-7F9B7AA76457}"
EndProject
Project("{FAE04EC0-301F-11D3-BF4B-00C04F79EFBC}") = "HelloCSharp03", "HelloCSharp03\HelloCSharp03.csproj", "{DF2D5D94-DE9D-4EDC-B1F7-472B2D73CE4D}"
EndProject
Project("{FAE04EC0-301F-11D3-BF4B-00C04F79EFBC}") = "HelloCSharp04", "HelloCSharp04\HelloCSharp04.csproj", "{4074355B-A519-4063-82CC-B482C8BF0D43}"
EndProject
Project("{FAE04EC0-301F-11D3-BF4B-00C04F79EFBC}") = "HelloCSharp05", "HelloCSharp05\HelloCSharp05.csproj", "{E959BDEA-4AB0-43F8-99B2-1DDA241312CF}"
EndProject
Project("{FAE04EC0-301F-11D3-BF4B-00C04F79EFBC}") = "HelloCSharp06", "HelloCSharp06\HelloCSharp06.csproj", "{F606524F-378E-4227-8B89-298AEBC15CCB}"
EndProject
Project("{FAE04EC0-301F-11D3-BF4B-00C04F79EFBC}") = "HelloCSharp07", "HelloCSharp07\HelloCSharp07.csproj", "{6B4248D7-FDCE-43B9-9A67-B6F75C2793D5}"
EndProject
Project("{FAE04EC0-301F-11D3-BF4B-00C04F79EFBC}") = "HelloCSharp08", "HelloCSharp08\HelloCSharp08.csproj", "{061AB2D2-3E36-4B8D-8E88-AFC74B513918}"
EndProject
Project("{FAE04EC0-301F-11D3-BF4B-00C04F79EFBC}") = "HelloCSharp09", "HelloCSharp09\HelloCSharp09.csproj", "{142A9F1F-45EA-4217-85BF-3F9453FC4DA9}"
EndProject
Project("{FAE04EC0-301F-11D3-BF4B-00C04F79EFBC}") = "HelloCSharp10", "HelloCSharp10\HelloCSharp10.csproj", "{9FDBD138-F9CF-4EC1-8B68-7CA37802B5CF}"
EndProject
Global
	GlobalSection(SolutionConfigurationPlatforms) = preSolution
		Debug|Any CPU = Debug|Any CPU
		Release|Any CPU = Release|Any CPU
	EndGlobalSection
	GlobalSection(ProjectConfigurationPlatforms) = postSolution
		{23459021-5EE8-48F5-9486-4E61AF9DCF37}.Debug|Any CPU.ActiveCfg = Debug|Any CPU
		{23459021-5EE8-48F5-9486-4E61AF9DCF37}.Debug|Any CPU.Build.0 = Debug|Any CPU
		{23459021-5EE8-48F5-9486-4E61AF9DCF37}.Release|Any CPU.ActiveCfg = Release|Any CPU
		{23459021-5EE8-48F5-9486-4E61AF9DCF37}.Release|Any CPU.Build.0 = Release|Any CPU
		{9900E064-BD63-4A77-BE81-7F9B7AA76457}.Debug|Any CPU.ActiveCfg = Debug|Any CPU
		{9900E064-BD63-4A77-BE81-7F9B7AA76457}.Debug|Any CPU.Build.0 = Debug|Any CPU
		{9900E064-BD63-4A77-BE81-7F9B7AA76457}.Release|Any CPU.ActiveCfg = Release|Any CPU
		{9900E064-BD63-4A77-BE81-7F9B7AA76457}.Release|Any CPU.Build.0 = Release|Any CPU
		{DF2D5D94-DE9D-4EDC-B1F7-472B2D73CE4D}.Debug|Any CPU.ActiveCfg = Debug|Any CPU
		{DF2D5D94-DE9D-4EDC-B1F7-472B2D73CE4D}.Debug|Any CPU.Build.0 = Debug|Any CPU
		{DF2D5D94-DE9D-4EDC-B1F7-472B2D73CE4D}.Release|Any CPU.ActiveCfg = Release|Any CPU
		{DF2D5D94-DE9D-4EDC-B1F7-472B2D73CE4D}.Release|Any CPU.Build.0 = Release|Any CPU
		{4074355B-A519-4063-82CC-B482C8BF0D43}.Debug|Any CPU.ActiveCfg = Debug|Any CPU
		{4074355B-A519-4063-82CC-B482C8BF0D43}.Debug|Any CPU.Build.0 = Debug|Any CPU
		{4074355B-A519-4063-82CC-B482C8BF0D43}.Release|Any CPU.ActiveCfg = Release|Any CPU
		{4074355B-A519-4063-82CC-B482C8BF0D43}.Release|Any CPU.Build.0 = Release|Any CPU
		{E959BDEA-4AB0-43F8-99B2-1DDA241312CF}.Debug|Any CPU.ActiveCfg = Debug|Any CPU
		{E959BDEA-4AB0-43F8-99B2-1DDA241312CF}.Debug|Any CPU.Build.0 = Debug|Any CPU
		{E959BDEA-4AB0-43F8-99B2-1DDA241312CF}.Release|Any CPU.ActiveCfg = Release|Any CPU
		{E959BDEA-4AB0-43F8-99B2-1DDA241312CF}.Release|Any CPU.Build.0 = Release|Any CPU
		{F606524F-378E-4227-8B89-298AEBC15CCB}.Debug|Any CPU.ActiveCfg = Debug|Any CPU
		{F606524F-378E-4227-8B89-298AEBC15CCB}.Debug|Any CPU.Build.0 = Debug|Any CPU
		{F606524F-378E-4227-8B89-298AEBC15CCB}.Release|Any CPU.ActiveCfg = Release|Any CPU
		{F606524F-378E-4227-8B89-298AEBC15CCB}.Release|Any CPU.Build.0 = Release|Any CPU
		{6B4248D7-FDCE-43B9-9A67-B6F75C2793D5}.Debug|Any CPU.ActiveCfg = Debug|Any CPU
		{6B4248D7-FDCE-43B9-9A67-B6F75C2793D5}.Debug|Any CPU.Build.0 = Debug|Any CPU
		{6B4248D7-FDCE-43B9-9A67-B6F75C2793D5}.Release|Any CPU.ActiveCfg = Release|Any CPU
		{6B4248D7-FDCE-43B9-9A67-B6F75C2793D5}.Release|Any CPU.Build.0 = Release|Any CPU
		{061AB2D2-3E36-4B8D-8E88-AFC74B513918}.Debug|Any CPU.ActiveCfg = Debug|Any CPU
		{061AB2D2-3E36-4B8D-8E88-AFC74B513918}.Debug|Any CPU.Build.0 = Debug|Any CPU
		{061AB2D2-3E36-4B8D-8E88-AFC74B513918}.Release|Any CPU.ActiveCfg = Release|Any CPU
		{061AB2D2-3E36-4B8D-8E88-AFC74B513918}.Release|Any CPU.Build.0 = Release|Any CPU
		{142A9F1F-45EA-4217-85BF-3F9453FC4DA9}.Debug|Any CPU.ActiveCfg = Debug|Any CPU
		{142A9F1F-45EA-4217-85BF-3F9453FC4DA9}.Debug|Any CPU.Build.0 = Debug|Any CPU
		{142A9F1F-45EA-4217-85BF-3F9453FC4DA9}.Release|Any CPU.ActiveCfg = Release|Any CPU
		{142A9F1F-45EA-4217-85BF-3F9453FC4DA9}.Release|Any CPU.Build.0 = Release|Any CPU
		{9FDBD138-F9CF-4EC1-8B68-7CA37802B5CF}.Debug|Any CPU.ActiveCfg = Debug|Any CPU
		{9FDBD138-F9CF-4EC1-8B68-7CA37802B5CF}.Debug|Any CPU.Build.0 = Debug|Any CPU
		{9FDBD138-F9CF-4EC1-8B68-7CA37802B5CF}.Release|Any CPU.ActiveCfg = Release|Any CPU
		{9FDBD138-F9CF-4EC1-8B68-7CA37802B5CF}.Release|Any CPU.Build.0 = Release|Any CPU
	EndGlobalSection
	GlobalSection(SolutionProperties) = preSolution
		HideSolutionNode = FALSE
	EndGlobalSection
	GlobalSection(ExtensibilityGlobals) = postSolution
		SolutionGuid = {443960C6-255A-4142-A9A3-42ABFF3D0DCD}
	EndGlobalSection
EndGlobal
